
Microsoft Visual Studio Solution File, Format Version 12.00
# Visual Studio 15
VisualStudioVersion = 15.0.28307.271
MinimumVisualStudioVersion = 10.0.40219.1
Project("{FAE04EC0-301F-11D3-BF4B-00C04F79EFBC}") = "MyFitnessApp", "MyFitnessApp\MyFitnessApp.csproj", "{4580DBDD-7735-415C-8FB9-FFBE02CB156C}"
EndProject
Global
	GlobalSection(SolutionConfigurationPlatforms) = preSolution
		Debug|Any CPU = Debug|Any CPU
		Release|Any CPU = Release|Any CPU
	EndGlobalSection
	GlobalSection(ProjectConfigurationPlatforms) = postSolution
		{4580DBDD-7735-415C-8FB9-FFBE02CB156C}.Debug|Any CPU.ActiveCfg = Debug|Any CPU
		{4580DBDD-7735-415C-8FB9-FFBE02CB156C}.Debug|Any CPU.Build.0 = Debug|Any CPU
		{4580DBDD-7735-415C-8FB9-FFBE02CB156C}.Release|Any CPU.ActiveCfg = Release|Any CPU
		{4580DBDD-7735-415C-8FB9-FFBE02CB156C}.Release|Any CPU.Build.0 = Release|Any CPU
	EndGlobalSection
	GlobalSection(SolutionProperties) = preSolution
		HideSolutionNode = FALSE
	EndGlobalSection
	GlobalSection(ExtensibilityGlobals) = postSolution
		SolutionGuid = {0C9EC30D-EA16-4A01-90E1-0EC0D9CB448A}
	EndGlobalSection
EndGlobal
